
Microsoft Visual Studio Solution File, Format Version 12.00
# Visual Studio Version 16
VisualStudioVersion = 16.0.29728.190
MinimumVisualStudioVersion = 10.0.40219.1
Project("{FAE04EC0-301F-11D3-BF4B-00C04F79EFBC}") = "WebApi", "WebApi\WebApi.csproj", "{250D4BFC-695B-4548-8D04-6B6D5AF4196E}"
EndProject
Global
	GlobalSection(SolutionConfigurationPlatforms) = preSolution
		Debug|Any CPU = Debug|Any CPU
		Release|Any CPU = Release|Any CPU
	EndGlobalSection
	GlobalSection(ProjectConfigurationPlatforms) = postSolution
		{250D4BFC-695B-4548-8D04-6B6D5AF4196E}.Debug|Any CPU.ActiveCfg = Debug|Any CPU
		{250D4BFC-695B-4548-8D04-6B6D5AF4196E}.Debug|Any CPU.Build.0 = Debug|Any CPU
		{250D4BFC-695B-4548-8D04-6B6D5AF4196E}.Release|Any CPU.ActiveCfg = Release|Any CPU
		{250D4BFC-695B-4548-8D04-6B6D5AF4196E}.Release|Any CPU.Build.0 = Release|Any CPU
	EndGlobalSection
	GlobalSection(SolutionProperties) = preSolution
		HideSolutionNode = FALSE
	EndGlobalSection
	GlobalSection(ExtensibilityGlobals) = postSolution
		SolutionGuid = {B76EC756-3923-4772-9B66-4295B953272A}
	EndGlobalSection
EndGlobal
